
Microsoft Visual Studio Solution File, Format Version 11.00
# Visual Studio 2010
Project("{FAE04EC0-301F-11D3-BF4B-00C04F79EFBC}") = "thesis", "Assembly-CSharp.csproj", "{2C16802C-ADEB-B432-D41B-6112C51E098A}"
EndProject
Project("{FAE04EC0-301F-11D3-BF4B-00C04F79EFBC}") = "thesis", "Assembly-CSharp-Editor.csproj", "{15D6CE17-479B-3BB8-A602-5B37D2E04901}"
EndProject
Global
	GlobalSection(SolutionConfigurationPlatforms) = preSolution
		Debug|Any CPU = Debug|Any CPU
		Release|Any CPU = Release|Any CPU
	EndGlobalSection
	GlobalSection(ProjectConfigurationPlatforms) = postSolution
		{2C16802C-ADEB-B432-D41B-6112C51E098A}.Debug|Any CPU.ActiveCfg = Debug|Any CPU
		{2C16802C-ADEB-B432-D41B-6112C51E098A}.Debug|Any CPU.Build.0 = Debug|Any CPU
		{2C16802C-ADEB-B432-D41B-6112C51E098A}.Release|Any CPU.ActiveCfg = Release|Any CPU
		{2C16802C-ADEB-B432-D41B-6112C51E098A}.Release|Any CPU.Build.0 = Release|Any CPU
		{15D6CE17-479B-3BB8-A602-5B37D2E04901}.Debug|Any CPU.ActiveCfg = Debug|Any CPU
		{15D6CE17-479B-3BB8-A602-5B37D2E04901}.Debug|Any CPU.Build.0 = Debug|Any CPU
		{15D6CE17-479B-3BB8-A602-5B37D2E04901}.Release|Any CPU.ActiveCfg = Release|Any CPU
		{15D6CE17-479B-3BB8-A602-5B37D2E04901}.Release|Any CPU.Build.0 = Release|Any CPU
	EndGlobalSection
	GlobalSection(SolutionProperties) = preSolution
		HideSolutionNode = FALSE
	EndGlobalSection
	GlobalSection(MonoDevelopProperties) = preSolution
		StartupItem = Assembly-CSharp.csproj
	EndGlobalSection
EndGlobal
